
Microsoft Visual Studio Solution File, Format Version 12.00
# Visual Studio Version 17
VisualStudioVersion = 17.3.32901.215
MinimumVisualStudioVersion = 10.0.40219.1
Project("{8BC9CEB8-8B4A-11D0-8D11-00A0C91BC942}") = "MotoROS2", "src\MotoROS2_AllControllers.vcxproj", "{64C31524-A3C4-49D4-AD04-955D44202226}"
EndProject
Global
	GlobalSection(SolutionConfigurationPlatforms) = preSolution
		DX200_foxy|x86 = DX200_foxy|x86
		DX200_galactic|x86 = DX200_galactic|x86
		DX200_humble|x86 = DX200_humble|x86
		FS100_humble|x86 = FS100_humble|x86
		YRC1000_foxy|x86 = YRC1000_foxy|x86
		YRC1000_galactic|x86 = YRC1000_galactic|x86
		YRC1000_humble|x86 = YRC1000_humble|x86
		YRC1000u_foxy|x86 = YRC1000u_foxy|x86
		YRC1000u_galactic|x86 = YRC1000u_galactic|x86
		YRC1000u_humble|x86 = YRC1000u_humble|x86
	EndGlobalSection
	GlobalSection(ProjectConfigurationPlatforms) = postSolution
		{64C31524-A3C4-49D4-AD04-955D44202226}.DX200_foxy|x86.ActiveCfg = DX200_foxy|Win32
		{64C31524-A3C4-49D4-AD04-955D44202226}.DX200_foxy|x86.Build.0 = DX200_foxy|Win32
		{64C31524-A3C4-49D4-AD04-955D44202226}.DX200_galactic|x86.ActiveCfg = DX200_galactic|Win32
		{64C31524-A3C4-49D4-AD04-955D44202226}.DX200_galactic|x86.Build.0 = DX200_galactic|Win32
		{64C31524-A3C4-49D4-AD04-955D44202226}.DX200_humble|x86.ActiveCfg = DX200_humble|Win32
		{64C31524-A3C4-49D4-AD04-955D44202226}.DX200_humble|x86.Build.0 = DX200_humble|Win32
		{64C31524-A3C4-49D4-AD04-955D44202226}.FS100_humble|x86.ActiveCfg = FS100_humble|Win32
		{64C31524-A3C4-49D4-AD04-955D44202226}.FS100_humble|x86.Build.0 = FS100_humble|Win32
		{64C31524-A3C4-49D4-AD04-955D44202226}.YRC1000_foxy|x86.ActiveCfg = YRC1000_foxy|Win32
		{64C31524-A3C4-49D4-AD04-955D44202226}.YRC1000_foxy|x86.Build.0 = YRC1000_foxy|Win32
		{64C31524-A3C4-49D4-AD04-955D44202226}.YRC1000_galactic|x86.ActiveCfg = YRC1000_galactic|Win32
		{64C31524-A3C4-49D4-AD04-955D44202226}.YRC1000_galactic|x86.Build.0 = YRC1000_galactic|Win32
		{64C31524-A3C4-49D4-AD04-955D44202226}.YRC1000_humble|x86.ActiveCfg = YRC1000_humble|Win32
		{64C31524-A3C4-49D4-AD04-955D44202226}.YRC1000_humble|x86.Build.0 = YRC1000_humble|Win32
		{64C31524-A3C4-49D4-AD04-955D44202226}.YRC1000u_foxy|x86.ActiveCfg = YRC1000u_foxy|Win32
		{64C31524-A3C4-49D4-AD04-955D44202226}.YRC1000u_foxy|x86.Build.0 = YRC1000u_foxy|Win32
		{64C31524-A3C4-49D4-AD04-955D44202226}.YRC1000u_galactic|x86.ActiveCfg = YRC1000u_galactic|Win32
		{64C31524-A3C4-49D4-AD04-955D44202226}.YRC1000u_galactic|x86.Build.0 = YRC1000u_galactic|Win32
		{64C31524-A3C4-49D4-AD04-955D44202226}.YRC1000u_humble|x86.ActiveCfg = YRC1000u_humble|Win32
		{64C31524-A3C4-49D4-AD04-955D44202226}.YRC1000u_humble|x86.Build.0 = YRC1000u_humble|Win32
	EndGlobalSection
	GlobalSection(SolutionProperties) = preSolution
		HideSolutionNode = FALSE
	EndGlobalSection
	GlobalSection(ExtensibilityGlobals) = postSolution
		SolutionGuid = {C6611CF4-3743-47F8-BC5B-D98E9D8FD2C0}
	EndGlobalSection
EndGlobal
